PODS:
  - LVCycleScrollView (0.0.4):
    - SDWebImage (= 5.8.4)
  - SDWebImage (5.8.4):
    - SDWebImage/Core (= 5.8.4)
  - SDWebImage/Core (5.8.4)

DEPENDENCIES:
  - LVCycleScrollView

SPEC REPOS:
  trunk:
    - LVCycleScrollView
    - SDWebImage

SPEC CHECKSUMS:
  LVCycleScrollView: 91e084837246e0dfd13ab86e467fd3a8572f2b6e
  SDWebImage: cf6922231e95550934da2ada0f20f2becf2ceba9

PODFILE CHECKSUM: 1af455a756d1751ba7506296c066972622775a6f

COCOAPODS: 1.9.0
