PODS:
  - LVCycleScrollView (0.0.9):
    - SDWebImage
  - Masonry (1.1.0)
  - SDWebImage (5.8.4):
    - SDWebImage/Core (= 5.8.4)
  - SDWebImage/Core (5.8.4)

DEPENDENCIES:
  - LVCycleScrollView
  - Masonry

SPEC REPOS:
  trunk:
    - LVCycleScrollView
    - Masonry
    - SDWebImage

SPEC CHECKSUMS:
  LVCycleScrollView: c0ba6495eaf0c7a81d45bb4eb7ff37263718e998
  Masonry: 678fab65091a9290e40e2832a55e7ab731aad201
  SDWebImage: cf6922231e95550934da2ada0f20f2becf2ceba9

PODFILE CHECKSUM: aee1f85f3f3e751f4fb05da424289b9c2f19cc93

COCOAPODS: 1.10.2
