PODS:
  - LVCycleScrollView (1.0.4):
    - SDWebImage (>= 5.0.0)
  - Masonry (1.1.0)
  - SDWebImage (5.18.3):
    - SDWebImage/Core (= 5.18.3)
  - SDWebImage/Core (5.18.3)

DEPENDENCIES:
  - LVCycleScrollView
  - Masonry

SPEC REPOS:
  trunk:
    - LVCycleScrollView
    - Masonry
    - SDWebImage

SPEC CHECKSUMS:
  LVCycleScrollView: 2d736bab1c2a553990d69c3ab591d4b1158760f9
  Masonry: 678fab65091a9290e40e2832a55e7ab731aad201
  SDWebImage: 96e0c18ef14010b7485210e92fac888587ebb958

PODFILE CHECKSUM: aee1f85f3f3e751f4fb05da424289b9c2f19cc93

COCOAPODS: 1.10.2
